<?xml version="1.0" encoding="UTF-8" standalone="yes" ?>
<CodeBlocks_project_file>
	<FileVersion major="1" minor="6" />
	<Project>
		<Option title="EuDaQ" />
		<Option pch_mode="2" />
		<Option compiler="gcc" />
		<Build>
			<Target title="Debug">
				<Option output="bin/Debug/EuDaQ" prefix_auto="1" extension_auto="1" />
				<Option object_output="obj/Debug/" />
				<Option type="1" />
				<Option compiler="gcc" />
				<Compiler>
					<Add option="-g" />
				</Compiler>
			</Target>
			<Target title="Release">
				<Option output="bin/Release/EuDaQ" prefix_auto="1" extension_auto="1" />
				<Option object_output="obj/Release/" />
				<Option type="1" />
				<Option compiler="gcc" />
				<Compiler>
					<Add option="-O2" />
				</Compiler>
				<Linker>
					<Add option="-s" />
				</Linker>
			</Target>
		</Build>
		<Compiler>
			<Add option="-Wall" />
		</Compiler>
		<Unit filename="../../../software/eudaq/build/CMakeFiles/2.8.12.2/CompilerIdCXX/CMakeCXXCompilerId.cpp" />
		<Unit filename="../../../software/eudaq/build/config.h" />
		<Unit filename="../../../software/eudaq/build/gui/include/moc_LogCollectorModel.cxx" />
		<Unit filename="../../../software/eudaq/build/gui/include/moc_RunControlModel.cxx" />
		<Unit filename="../../../software/eudaq/build/gui/include/moc_euLog.cxx" />
		<Unit filename="../../../software/eudaq/build/gui/include/moc_euProd.cxx" />
		<Unit filename="../../../software/eudaq/build/gui/include/moc_euRun.cxx" />
		<Unit filename="../../../software/eudaq/build/gui/ui_LogDialog.h" />
		<Unit filename="../../../software/eudaq/build/gui/ui_euLog.h" />
		<Unit filename="../../../software/eudaq/build/gui/ui_euProd.h" />
		<Unit filename="../../../software/eudaq/build/gui/ui_euRun.h" />
		<Unit filename="../../../software/eudaq/build/monitors/onlinemon/OnlineMonDict.cxx" />
		<Unit filename="../../../software/eudaq/build/monitors/onlinemon/OnlineMonDict.h" />
		<Unit filename="../../../software/eudaq/cmake/config.cmake.h" />
		<Unit filename="../../../software/eudaq/eudaq/cmake/config.cmake.h" />
		<Unit filename="../../../software/eudaq/eudaq/extern/Tsi148/ca91c042.h" />
		<Unit filename="../../../software/eudaq/eudaq/extern/Tsi148/tsi148.h" />
		<Unit filename="../../../software/eudaq/eudaq/extern/Tsi148/vmedrv.h" />
		<Unit filename="../../../software/eudaq/eudaq/extern/jsoncons-0.93/examples/src/array_examples.cpp" />
		<Unit filename="../../../software/eudaq/eudaq/extern/jsoncons-0.93/examples/src/csv_examples.cpp" />
		<Unit filename="../../../software/eudaq/eudaq/extern/jsoncons-0.93/examples/src/csv_examples.h" />
		<Unit filename="../../../software/eudaq/eudaq/extern/jsoncons-0.93/examples/src/custom_data_examples.cpp" />
		<Unit filename="../../../software/eudaq/eudaq/extern/jsoncons-0.93/examples/src/examples.cpp" />
		<Unit filename="../../../software/eudaq/eudaq/extern/jsoncons-0.93/examples/src/wjson_examples.cpp" />
		<Unit filename="../../../software/eudaq/eudaq/extern/jsoncons-0.93/test_suite/src/csv_tests.cpp" />
		<Unit filename="../../../software/eudaq/eudaq/extern/jsoncons-0.93/test_suite/src/double_to_string_tests.cpp" />
		<Unit filename="../../../software/eudaq/eudaq/extern/jsoncons-0.93/test_suite/src/json_accessor_tests.cpp" />
		<Unit filename="../../../software/eudaq/eudaq/extern/jsoncons-0.93/test_suite/src/json_array_tests.cpp" />
		<Unit filename="../../../software/eudaq/eudaq/extern/jsoncons-0.93/test_suite/src/json_construction_tests.cpp" />
		<Unit filename="../../../software/eudaq/eudaq/extern/jsoncons-0.93/test_suite/src/json_equals_tests.cpp" />
		<Unit filename="../../../software/eudaq/eudaq/extern/jsoncons-0.93/test_suite/src/json_extensibility_tests.cpp" />
		<Unit filename="../../../software/eudaq/eudaq/extern/jsoncons-0.93/test_suite/src/json_object_tests.cpp" />
		<Unit filename="../../../software/eudaq/eudaq/extern/jsoncons-0.93/test_suite/src/json_parser_test.cpp" />
		<Unit filename="../../../software/eudaq/eudaq/extern/jsoncons-0.93/test_suite/src/json_reader_exception_tests.cpp" />
		<Unit filename="../../../software/eudaq/eudaq/extern/jsoncons-0.93/test_suite/src/json_serializer_tests.cpp" />
		<Unit filename="../../../software/eudaq/eudaq/extern/jsoncons-0.93/test_suite/src/jsoncons_test.cpp" />
		<Unit filename="../../../software/eudaq/eudaq/extern/jsoncons-0.93/test_suite/src/string_to_double_tests.cpp" />
		<Unit filename="../../../software/eudaq/eudaq/extern/jsoncons-0.93/test_suite/src/unicode_tests.cpp" />
		<Unit filename="../../../software/eudaq/eudaq/extern/jsoncons-0.93/test_suite/src/wjson_tests.cpp" />
		<Unit filename="../../../software/eudaq/eudaq/gui/include/Colours.hh" />
		<Unit filename="../../../software/eudaq/eudaq/gui/include/LogCollectorModel.hh" />
		<Unit filename="../../../software/eudaq/eudaq/gui/include/LogDialog.hh" />
		<Unit filename="../../../software/eudaq/eudaq/gui/include/RunControlModel.hh" />
		<Unit filename="../../../software/eudaq/eudaq/gui/include/euLog.hh" />
		<Unit filename="../../../software/eudaq/eudaq/gui/include/euProd.hh" />
		<Unit filename="../../../software/eudaq/eudaq/gui/include/euRun.hh" />
		<Unit filename="../../../software/eudaq/eudaq/gui/include/euRunApplication.h" />
		<Unit filename="../../../software/eudaq/eudaq/gui/src/LogCollectorModel.cc" />
		<Unit filename="../../../software/eudaq/eudaq/gui/src/RunControlModel.cc" />
		<Unit filename="../../../software/eudaq/eudaq/gui/src/euLog.cc" />
		<Unit filename="../../../software/eudaq/eudaq/gui/src/euProd.cc" />
		<Unit filename="../../../software/eudaq/eudaq/gui/src/euRun.cc" />
		<Unit filename="../../../software/eudaq/eudaq/main/exe/src/ClusterExtractor.cxx" />
		<Unit filename="../../../software/eudaq/eudaq/main/exe/src/Converter.cxx" />
		<Unit filename="../../../software/eudaq/eudaq/main/exe/src/ExampleProducer.cxx" />
		<Unit filename="../../../software/eudaq/eudaq/main/exe/src/ExampleReader.cxx" />
		<Unit filename="../../../software/eudaq/eudaq/main/exe/src/FileChecker.cxx" />
		<Unit filename="../../../software/eudaq/eudaq/main/exe/src/IPHCConverter.cxx" />
		<Unit filename="../../../software/eudaq/eudaq/main/exe/src/MagicLogBook.cxx" />
		<Unit filename="../../../software/eudaq/eudaq/main/exe/src/OptionExample.cxx" />
		<Unit filename="../../../software/eudaq/eudaq/main/exe/src/RunListener.cxx" />
		<Unit filename="../../../software/eudaq/eudaq/main/exe/src/TestDataCollector.cxx" />
		<Unit filename="../../../software/eudaq/eudaq/main/exe/src/TestLogCollector.cxx" />
		<Unit filename="../../../software/eudaq/eudaq/main/exe/src/TestMonitor.cxx" />
		<Unit filename="../../../software/eudaq/eudaq/main/exe/src/TestProducer.cxx" />
		<Unit filename="../../../software/eudaq/eudaq/main/exe/src/TestReader.cxx" />
		<Unit filename="../../../software/eudaq/eudaq/main/exe/src/TestRunControl.cxx" />
		<Unit filename="../../../software/eudaq/eudaq/main/include/eudaq/ATLASFE4IInterpreter.hh" />
		<Unit filename="../../../software/eudaq/eudaq/main/include/eudaq/AidaFileReader.hh" />
		<Unit filename="../../../software/eudaq/eudaq/main/include/eudaq/AidaFileWriter.hh" />
		<Unit filename="../../../software/eudaq/eudaq/main/include/eudaq/AidaIndexData.hh" />
		<Unit filename="../../../software/eudaq/eudaq/main/include/eudaq/AidaPacket.hh" />
		<Unit filename="../../../software/eudaq/eudaq/main/include/eudaq/BufferSerializer.hh" />
		<Unit filename="../../../software/eudaq/eudaq/main/include/eudaq/Clusters.hh" />
		<Unit filename="../../../software/eudaq/eudaq/main/include/eudaq/CommandReceiver.hh" />
		<Unit filename="../../../software/eudaq/eudaq/main/include/eudaq/Configuration.hh" />
		<Unit filename="../../../software/eudaq/eudaq/main/include/eudaq/DEPFETEvent.hh" />
		<Unit filename="../../../software/eudaq/eudaq/main/include/eudaq/DataCollector.hh" />
		<Unit filename="../../../software/eudaq/eudaq/main/include/eudaq/DataConverterPlugin.hh" />
		<Unit filename="../../../software/eudaq/eudaq/main/include/eudaq/DataSender.hh" />
		<Unit filename="../../../software/eudaq/eudaq/main/include/eudaq/DetectorEvent.hh" />
		<Unit filename="../../../software/eudaq/eudaq/main/include/eudaq/Documentation.hh" />
		<Unit filename="../../../software/eudaq/eudaq/main/include/eudaq/DummyProducer.hh" />
		<Unit filename="../../../software/eudaq/eudaq/main/include/eudaq/EUDRBEvent.hh" />
		<Unit filename="../../../software/eudaq/eudaq/main/include/eudaq/Event.hh" />
		<Unit filename="../../../software/eudaq/eudaq/main/include/eudaq/EventSynchronisationBase.hh" />
		<Unit filename="../../../software/eudaq/eudaq/main/include/eudaq/ExampleHardware.hh" />
		<Unit filename="../../../software/eudaq/eudaq/main/include/eudaq/Exception.hh" />
		<Unit filename="../../../software/eudaq/eudaq/main/include/eudaq/FileNamer.hh" />
		<Unit filename="../../../software/eudaq/eudaq/main/include/eudaq/FileReader.hh" />
		<Unit filename="../../../software/eudaq/eudaq/main/include/eudaq/FileSerializer.hh" />
		<Unit filename="../../../software/eudaq/eudaq/main/include/eudaq/FileWriter.hh" />
		<Unit filename="../../../software/eudaq/eudaq/main/include/eudaq/Guard.hh" />
		<Unit filename="../../../software/eudaq/eudaq/main/include/eudaq/IndexReader.hh" />
		<Unit filename="../../../software/eudaq/eudaq/main/include/eudaq/Info.hh" />
		<Unit filename="../../../software/eudaq/eudaq/main/include/eudaq/JSON.hh" />
		<Unit filename="../../../software/eudaq/eudaq/main/include/eudaq/JSONimpl.hh" />
		<Unit filename="../../../software/eudaq/eudaq/main/include/eudaq/LogCollector.hh" />
		<Unit filename="../../../software/eudaq/eudaq/main/include/eudaq/LogMessage.hh" />
		<Unit filename="../../../software/eudaq/eudaq/main/include/eudaq/LogSender.hh" />
		<Unit filename="../../../software/eudaq/eudaq/main/include/eudaq/Logger.hh" />
		<Unit filename="../../../software/eudaq/eudaq/main/include/eudaq/MetaData.hh" />
		<Unit filename="../../../software/eudaq/eudaq/main/include/eudaq/MimosaConverterPlugin.hh" />
		<Unit filename="../../../software/eudaq/eudaq/main/include/eudaq/Monitor.hh" />
		<Unit filename="../../../software/eudaq/eudaq/main/include/eudaq/MultiFileReader.hh" />
		<Unit filename="../../../software/eudaq/eudaq/main/include/eudaq/Mupix.hh" />
		<Unit filename="../../../software/eudaq/eudaq/main/include/eudaq/Mutex.hh" />
		<Unit filename="../../../software/eudaq/eudaq/main/include/eudaq/OptionParser.hh" />
		<Unit filename="../../../software/eudaq/eudaq/main/include/eudaq/Platform.hh" />
		<Unit filename="../../../software/eudaq/eudaq/main/include/eudaq/PluginManager.hh" />
		<Unit filename="../../../software/eudaq/eudaq/main/include/eudaq/Producer.hh" />
		<Unit filename="../../../software/eudaq/eudaq/main/include/eudaq/PyPacket.hh" />
		<Unit filename="../../../software/eudaq/eudaq/main/include/eudaq/RawDataEvent.hh" />
		<Unit filename="../../../software/eudaq/eudaq/main/include/eudaq/RunControl.hh" />
		<Unit filename="../../../software/eudaq/eudaq/main/include/eudaq/Serializable.hh" />
		<Unit filename="../../../software/eudaq/eudaq/main/include/eudaq/Serializer.hh" />
		<Unit filename="../../../software/eudaq/eudaq/main/include/eudaq/SmartEnum.hh" />
		<Unit filename="../../../software/eudaq/eudaq/main/include/eudaq/StandardEvent.hh" />
		<Unit filename="../../../software/eudaq/eudaq/main/include/eudaq/Status.hh" />
		<Unit filename="../../../software/eudaq/eudaq/main/include/eudaq/StringEvent.hh" />
		<Unit filename="../../../software/eudaq/eudaq/main/include/eudaq/TLU2Packet.hh" />
		<Unit filename="../../../software/eudaq/eudaq/main/include/eudaq/TLUEvent.hh" />
		<Unit filename="../../../software/eudaq/eudaq/main/include/eudaq/Time.hh" />
		<Unit filename="../../../software/eudaq/eudaq/main/include/eudaq/Timer.hh" />
		<Unit filename="../../../software/eudaq/eudaq/main/include/eudaq/TransportBase.hh" />
		<Unit filename="../../../software/eudaq/eudaq/main/include/eudaq/TransportClient.hh" />
		<Unit filename="../../../software/eudaq/eudaq/main/include/eudaq/TransportFactory.hh" />
		<Unit filename="../../../software/eudaq/eudaq/main/include/eudaq/TransportNULL.hh" />
		<Unit filename="../../../software/eudaq/eudaq/main/include/eudaq/TransportServer.hh" />
		<Unit filename="../../../software/eudaq/eudaq/main/include/eudaq/TransportTCP.hh" />
		<Unit filename="../../../software/eudaq/eudaq/main/include/eudaq/TransportTCP_WIN32.h" />
		<Unit filename="../../../software/eudaq/eudaq/main/include/eudaq/USBpix_i3.hh" />
		<Unit filename="../../../software/eudaq/eudaq/main/include/eudaq/Utils.hh" />
		<Unit filename="../../../software/eudaq/eudaq/main/lib/plugins/APIX-CT-ConverterPlugin.cc" />
		<Unit filename="../../../software/eudaq/eudaq/main/lib/plugins/AltroUSBConverterPlugin.cc" />
		<Unit filename="../../../software/eudaq/eudaq/main/lib/plugins/DEPFETConverterPlugin.cc" />
		<Unit filename="../../../software/eudaq/eudaq/main/lib/plugins/DataConverterPlugin.cc" />
		<Unit filename="../../../software/eudaq/eudaq/main/lib/plugins/EUDRBConverterPlugin.cc" />
		<Unit filename="../../../software/eudaq/eudaq/main/lib/plugins/ExampleConverterPlugin.cc" />
		<Unit filename="../../../software/eudaq/eudaq/main/lib/plugins/ExplorerConverterPlugin.cc" />
		<Unit filename="../../../software/eudaq/eudaq/main/lib/plugins/FORTISConverterPlugin.cc" />
		<Unit filename="../../../software/eudaq/eudaq/main/lib/plugins/MVDConverterPlugin.cc" />
		<Unit filename="../../../software/eudaq/eudaq/main/lib/plugins/MimosaConverterPlugin.cc" />
		<Unit filename="../../../software/eudaq/eudaq/main/lib/plugins/Mupix2ConverterPlugin.cc" />
		<Unit filename="../../../software/eudaq/eudaq/main/lib/plugins/Mupix3ConverterPlugin.cc" />
		<Unit filename="../../../software/eudaq/eudaq/main/lib/plugins/Mupix4ConverterPlugin.cc" />
		<Unit filename="../../../software/eudaq/eudaq/main/lib/plugins/NIConverterPlugin.cc" />
		<Unit filename="../../../software/eudaq/eudaq/main/lib/plugins/SCTUpgradeConverterPlugin.cc" />
		<Unit filename="../../../software/eudaq/eudaq/main/lib/plugins/TAKIConverterPlugin.cc" />
		<Unit filename="../../../software/eudaq/eudaq/main/lib/plugins/TLUConverterPlugin.cc" />
		<Unit filename="../../../software/eudaq/eudaq/main/lib/plugins/TestConverterPlugin.cc" />
		<Unit filename="../../../software/eudaq/eudaq/main/lib/plugins/TimepixConverterPlugin.cc" />
		<Unit filename="../../../software/eudaq/eudaq/main/lib/plugins/USBpixConverterPlugin.cc" />
		<Unit filename="../../../software/eudaq/eudaq/main/lib/src/AidaFileReader.cc" />
		<Unit filename="../../../software/eudaq/eudaq/main/lib/src/AidaFileWriter.cc" />
		<Unit filename="../../../software/eudaq/eudaq/main/lib/src/AidaIndexData.cc" />
		<Unit filename="../../../software/eudaq/eudaq/main/lib/src/AidaPacket.cc" />
		<Unit filename="../../../software/eudaq/eudaq/main/lib/src/BufferSerializer.cc" />
		<Unit filename="../../../software/eudaq/eudaq/main/lib/src/CommandReceiver.cc" />
		<Unit filename="../../../software/eudaq/eudaq/main/lib/src/Configuration.cc" />
		<Unit filename="../../../software/eudaq/eudaq/main/lib/src/DEPFETEvent.cc" />
		<Unit filename="../../../software/eudaq/eudaq/main/lib/src/DataCollector.cc" />
		<Unit filename="../../../software/eudaq/eudaq/main/lib/src/DataSender.cc" />
		<Unit filename="../../../software/eudaq/eudaq/main/lib/src/DetectorEvent.cc" />
		<Unit filename="../../../software/eudaq/eudaq/main/lib/src/DummyProducer.cc" />
		<Unit filename="../../../software/eudaq/eudaq/main/lib/src/EUDRBEvent.cc" />
		<Unit filename="../../../software/eudaq/eudaq/main/lib/src/Event.cc" />
		<Unit filename="../../../software/eudaq/eudaq/main/lib/src/EventSynchronisationBase.cc" />
		<Unit filename="../../../software/eudaq/eudaq/main/lib/src/ExampleHardware.cc" />
		<Unit filename="../../../software/eudaq/eudaq/main/lib/src/Exception.cc" />
		<Unit filename="../../../software/eudaq/eudaq/main/lib/src/FileNamer.cc" />
		<Unit filename="../../../software/eudaq/eudaq/main/lib/src/FileReader.cc" />
		<Unit filename="../../../software/eudaq/eudaq/main/lib/src/FileSerializer.cc" />
		<Unit filename="../../../software/eudaq/eudaq/main/lib/src/FileWriter.cc" />
		<Unit filename="../../../software/eudaq/eudaq/main/lib/src/FileWriterDetectorEvents.cc" />
		<Unit filename="../../../software/eudaq/eudaq/main/lib/src/FileWriterLCIO.cc" />
		<Unit filename="../../../software/eudaq/eudaq/main/lib/src/FileWriterMimoloop.cc" />
		<Unit filename="../../../software/eudaq/eudaq/main/lib/src/FileWriterNative.cc" />
		<Unit filename="../../../software/eudaq/eudaq/main/lib/src/FileWriterNative2.cc" />
		<Unit filename="../../../software/eudaq/eudaq/main/lib/src/FileWriterNull.cc" />
		<Unit filename="../../../software/eudaq/eudaq/main/lib/src/FileWriterRoot.cc" />
		<Unit filename="../../../software/eudaq/eudaq/main/lib/src/FileWriterRootC.cc" />
		<Unit filename="../../../software/eudaq/eudaq/main/lib/src/FileWriterStandard.cc" />
		<Unit filename="../../../software/eudaq/eudaq/main/lib/src/FileWriterText.cc" />
		<Unit filename="../../../software/eudaq/eudaq/main/lib/src/FileWriterTextCompact.cc" />
		<Unit filename="../../../software/eudaq/eudaq/main/lib/src/FileWriterTree.cc" />
		<Unit filename="../../../software/eudaq/eudaq/main/lib/src/IndexReader.cc" />
		<Unit filename="../../../software/eudaq/eudaq/main/lib/src/JSONimpl.cc" />
		<Unit filename="../../../software/eudaq/eudaq/main/lib/src/LogCollector.cc" />
		<Unit filename="../../../software/eudaq/eudaq/main/lib/src/LogMessage.cc" />
		<Unit filename="../../../software/eudaq/eudaq/main/lib/src/LogSender.cc" />
		<Unit filename="../../../software/eudaq/eudaq/main/lib/src/Logger.cc" />
		<Unit filename="../../../software/eudaq/eudaq/main/lib/src/MetaData.cc" />
		<Unit filename="../../../software/eudaq/eudaq/main/lib/src/Monitor.cc" />
		<Unit filename="../../../software/eudaq/eudaq/main/lib/src/MultiFileReader.cc" />
		<Unit filename="../../../software/eudaq/eudaq/main/lib/src/Mutex.cc" />
		<Unit filename="../../../software/eudaq/eudaq/main/lib/src/OptionParser.cc" />
		<Unit filename="../../../software/eudaq/eudaq/main/lib/src/PluginManager.cc" />
		<Unit filename="../../../software/eudaq/eudaq/main/lib/src/Producer.cc" />
		<Unit filename="../../../software/eudaq/eudaq/main/lib/src/PyPacket.cc" />
		<Unit filename="../../../software/eudaq/eudaq/main/lib/src/RawDataEvent.cc" />
		<Unit filename="../../../software/eudaq/eudaq/main/lib/src/RunControl.cc" />
		<Unit filename="../../../software/eudaq/eudaq/main/lib/src/Serializable.cc" />
		<Unit filename="../../../software/eudaq/eudaq/main/lib/src/StandardEvent.cc" />
		<Unit filename="../../../software/eudaq/eudaq/main/lib/src/Status.cc" />
		<Unit filename="../../../software/eudaq/eudaq/main/lib/src/StringEvent.cc" />
		<Unit filename="../../../software/eudaq/eudaq/main/lib/src/TLU2Packet.cc" />
		<Unit filename="../../../software/eudaq/eudaq/main/lib/src/TLUEvent.cc" />
		<Unit filename="../../../software/eudaq/eudaq/main/lib/src/Time.cc" />
		<Unit filename="../../../software/eudaq/eudaq/main/lib/src/TransportBase.cc" />
		<Unit filename="../../../software/eudaq/eudaq/main/lib/src/TransportClient.cc" />
		<Unit filename="../../../software/eudaq/eudaq/main/lib/src/TransportFactory.cc" />
		<Unit filename="../../../software/eudaq/eudaq/main/lib/src/TransportNULL.cc" />
		<Unit filename="../../../software/eudaq/eudaq/main/lib/src/TransportServer.cc" />
		<Unit filename="../../../software/eudaq/eudaq/main/lib/src/TransportTCP.cc" />
		<Unit filename="../../../software/eudaq/eudaq/main/lib/src/USBPixI4ConverterPlugin.cc" />
		<Unit filename="../../../software/eudaq/eudaq/main/lib/src/Utils.cc" />
		<Unit filename="../../../software/eudaq/eudaq/main/python/src/PyDataCollector.cpp" />
		<Unit filename="../../../software/eudaq/eudaq/main/python/src/PyLogCollector.cpp" />
		<Unit filename="../../../software/eudaq/eudaq/main/python/src/PyProducer.cpp" />
		<Unit filename="../../../software/eudaq/eudaq/main/python/src/PyRunControl.cpp" />
		<Unit filename="../../../software/eudaq/eudaq/monitors/metamon/src/MetaMon.cxx" />
		<Unit filename="../../../software/eudaq/eudaq/monitors/metamon/src/TestMonitor.cxx" />
		<Unit filename="../../../software/eudaq/eudaq/monitors/offlinemon/inc/Axis.h" />
		<Unit filename="../../../software/eudaq/eudaq/monitors/offlinemon/inc/CorrelationPlots.h" />
		<Unit filename="../../../software/eudaq/eudaq/monitors/offlinemon/inc/CorrelationPlots_interface.h" />
		<Unit filename="../../../software/eudaq/eudaq/monitors/offlinemon/inc/CorrelationVSTimePlots.h" />
		<Unit filename="../../../software/eudaq/eudaq/monitors/offlinemon/inc/CorrelationVSTimePlots_alt.h" />
		<Unit filename="../../../software/eudaq/eudaq/monitors/offlinemon/inc/Planes.h" />
		<Unit filename="../../../software/eudaq/eudaq/monitors/offlinemon/inc/RootFactories.h" />
		<Unit filename="../../../software/eudaq/eudaq/monitors/offlinemon/inc/XMLextractorHelpers.h" />
		<Unit filename="../../../software/eudaq/eudaq/monitors/offlinemon/inc/makeCorrelations.h" />
		<Unit filename="../../../software/eudaq/eudaq/monitors/offlinemon/src/CorrelationPlots.cpp" />
		<Unit filename="../../../software/eudaq/eudaq/monitors/offlinemon/src/CorrelationPlots_interface.cpp" />
		<Unit filename="../../../software/eudaq/eudaq/monitors/offlinemon/src/CorrelationVSTimePlots.cpp" />
		<Unit filename="../../../software/eudaq/eudaq/monitors/offlinemon/src/OfflineMonitor.cxx" />
		<Unit filename="../../../software/eudaq/eudaq/monitors/offlinemon/src/Planes.cpp" />
		<Unit filename="../../../software/eudaq/eudaq/monitors/offlinemon/src/makeCorrelations.cpp" />
		<Unit filename="../../../software/eudaq/eudaq/monitors/onlinemon/include/BaseCollection.hh" />
		<Unit filename="../../../software/eudaq/eudaq/monitors/onlinemon/include/CheckEOF.hh" />
		<Unit filename="../../../software/eudaq/eudaq/monitors/onlinemon/include/CorrelationCollection.hh" />
		<Unit filename="../../../software/eudaq/eudaq/monitors/onlinemon/include/CorrelationHistos.hh" />
		<Unit filename="../../../software/eudaq/eudaq/monitors/onlinemon/include/EUDAQMonitorCollection.hh" />
		<Unit filename="../../../software/eudaq/eudaq/monitors/onlinemon/include/EUDAQMonitorHistos.hh" />
		<Unit filename="../../../software/eudaq/eudaq/monitors/onlinemon/include/EventSanityChecker.hh" />
		<Unit filename="../../../software/eudaq/eudaq/monitors/onlinemon/include/GraphWindow.hh" />
		<Unit filename="../../../software/eudaq/eudaq/monitors/onlinemon/include/HitmapCollection.hh" />
		<Unit filename="../../../software/eudaq/eudaq/monitors/onlinemon/include/HitmapHistos.hh" />
		<Unit filename="../../../software/eudaq/eudaq/monitors/onlinemon/include/MonitorPerformanceCollection.hh" />
		<Unit filename="../../../software/eudaq/eudaq/monitors/onlinemon/include/MonitorPerformanceHistos.hh" />
		<Unit filename="../../../software/eudaq/eudaq/monitors/onlinemon/include/OnlineHistograms.hh" />
		<Unit filename="../../../software/eudaq/eudaq/monitors/onlinemon/include/OnlineMon.hh" />
		<Unit filename="../../../software/eudaq/eudaq/monitors/onlinemon/include/OnlineMonConfiguration.hh" />
		<Unit filename="../../../software/eudaq/eudaq/monitors/onlinemon/include/OnlineMonWindow.hh" />
		<Unit filename="../../../software/eudaq/eudaq/monitors/onlinemon/include/SimpleStandardCluster.hh" />
		<Unit filename="../../../software/eudaq/eudaq/monitors/onlinemon/include/SimpleStandardEvent.hh" />
		<Unit filename="../../../software/eudaq/eudaq/monitors/onlinemon/include/SimpleStandardHit.hh" />
		<Unit filename="../../../software/eudaq/eudaq/monitors/onlinemon/include/SimpleStandardPlane.hh" />
		<Unit filename="../../../software/eudaq/eudaq/monitors/onlinemon/include/SimpleStandardPlaneDouble.hh" />
		<Unit filename="../../../software/eudaq/eudaq/monitors/onlinemon/include/TGraphSet.hh" />
		<Unit filename="../../../software/eudaq/eudaq/monitors/onlinemon/include/TestEnvMon.hh" />
		<Unit filename="../../../software/eudaq/eudaq/monitors/onlinemon/include/TreeHistoRelation.hh" />
		<Unit filename="../../../software/eudaq/eudaq/monitors/onlinemon/src/BaseCollection.cc" />
		<Unit filename="../../../software/eudaq/eudaq/monitors/onlinemon/src/CheckEOF.cc" />
		<Unit filename="../../../software/eudaq/eudaq/monitors/onlinemon/src/CorrelationCollection.cc" />
		<Unit filename="../../../software/eudaq/eudaq/monitors/onlinemon/src/CorrelationHistos.cc" />
		<Unit filename="../../../software/eudaq/eudaq/monitors/onlinemon/src/EUDAQMonitorCollection.cc" />
		<Unit filename="../../../software/eudaq/eudaq/monitors/onlinemon/src/EUDAQMonitorHistos.cc" />
		<Unit filename="../../../software/eudaq/eudaq/monitors/onlinemon/src/EventSanityChecker.cc" />
		<Unit filename="../../../software/eudaq/eudaq/monitors/onlinemon/src/GraphWindow.cc" />
		<Unit filename="../../../software/eudaq/eudaq/monitors/onlinemon/src/HitmapCollection.cc" />
		<Unit filename="../../../software/eudaq/eudaq/monitors/onlinemon/src/HitmapHistos.cc" />
		<Unit filename="../../../software/eudaq/eudaq/monitors/onlinemon/src/MonitorPerformanceCollection.cc" />
		<Unit filename="../../../software/eudaq/eudaq/monitors/onlinemon/src/MonitorPerformanceHistos.cc" />
		<Unit filename="../../../software/eudaq/eudaq/monitors/onlinemon/src/OnlineHistograms.cc" />
		<Unit filename="../../../software/eudaq/eudaq/monitors/onlinemon/src/OnlineMon.cxx" />
		<Unit filename="../../../software/eudaq/eudaq/monitors/onlinemon/src/OnlineMonConfiguration.cc" />
		<Unit filename="../../../software/eudaq/eudaq/monitors/onlinemon/src/OnlineMonWindow.cc" />
		<Unit filename="../../../software/eudaq/eudaq/monitors/onlinemon/src/SimpleStandardEvent.cc" />
		<Unit filename="../../../software/eudaq/eudaq/monitors/onlinemon/src/SimpleStandardPlane.cc" />
		<Unit filename="../../../software/eudaq/eudaq/monitors/onlinemon/src/TGraphSet.cc" />
		<Unit filename="../../../software/eudaq/eudaq/monitors/onlinemon/src/TreeHistoRelation.cc" />
		<Unit filename="../../../software/eudaq/eudaq/nreader/detdescription/EUTelAPIXMCDetector.cc" />
		<Unit filename="../../../software/eudaq/eudaq/nreader/detdescription/EUTelDEPFETDetector.cc" />
		<Unit filename="../../../software/eudaq/eudaq/nreader/detdescription/EUTelFortisDetector.cc" />
		<Unit filename="../../../software/eudaq/eudaq/nreader/detdescription/EUTelMimoTelDetector.cc" />
		<Unit filename="../../../software/eudaq/eudaq/nreader/detdescription/EUTelMimosa18Detector.cc" />
		<Unit filename="../../../software/eudaq/eudaq/nreader/detdescription/EUTelMimosa26Detector.cc" />
		<Unit filename="../../../software/eudaq/eudaq/nreader/detdescription/EUTelSetupDescription.cc" />
		<Unit filename="../../../software/eudaq/eudaq/nreader/detdescription/EUTelTLUDetector.cc" />
		<Unit filename="../../../software/eudaq/eudaq/nreader/detdescription/EUTelTakiDetector.cc" />
		<Unit filename="../../../software/eudaq/eudaq/nreader/detdescription/EUTelTimepixDetector.cc" />
		<Unit filename="../../../software/eudaq/eudaq/nreader/include/EUTelAPIXMCDetector.h" />
		<Unit filename="../../../software/eudaq/eudaq/nreader/include/EUTelBaseDetector.h" />
		<Unit filename="../../../software/eudaq/eudaq/nreader/include/EUTelDEPFETDetector.h" />
		<Unit filename="../../../software/eudaq/eudaq/nreader/include/EUTelFortisDetector.h" />
		<Unit filename="../../../software/eudaq/eudaq/nreader/include/EUTelMimoTelDetector.h" />
		<Unit filename="../../../software/eudaq/eudaq/nreader/include/EUTelMimosa18Detector.h" />
		<Unit filename="../../../software/eudaq/eudaq/nreader/include/EUTelMimosa26Detector.h" />
		<Unit filename="../../../software/eudaq/eudaq/nreader/include/EUTelNativeReader.h" />
		<Unit filename="../../../software/eudaq/eudaq/nreader/include/EUTelPixelDetector.h" />
		<Unit filename="../../../software/eudaq/eudaq/nreader/include/EUTelSetupDescription.h" />
		<Unit filename="../../../software/eudaq/eudaq/nreader/include/EUTelTLUDetector.h" />
		<Unit filename="../../../software/eudaq/eudaq/nreader/include/EUTelTakiDetector.h" />
		<Unit filename="../../../software/eudaq/eudaq/nreader/include/EUTelTimepixDetector.h" />
		<Unit filename="../../../software/eudaq/eudaq/nreader/src/EUTelNativeReader.cc" />
		<Unit filename="../../../software/eudaq/eudaq/producers/TimepixProducer/Converter/EUtelescope/EUTelTimepixDetector.cc" />
		<Unit filename="../../../software/eudaq/eudaq/producers/TimepixProducer/Converter/EUtelescope/EUTelTimepixDetector.h" />
		<Unit filename="../../../software/eudaq/eudaq/producers/TimepixProducer/Converter/eudaq/TimepixConverterPlugin.cc" />
		<Unit filename="../../../software/eudaq/eudaq/producers/TimepixProducer/include/MIMTLU.h" />
		<Unit filename="../../../software/eudaq/eudaq/producers/TimepixProducer/include/TimepixDevice.h" />
		<Unit filename="../../../software/eudaq/eudaq/producers/TimepixProducer/src/MIMTLU.cc" />
		<Unit filename="../../../software/eudaq/eudaq/producers/TimepixProducer/src/TimepixDevice.cc" />
		<Unit filename="../../../software/eudaq/eudaq/producers/TimepixProducer/src/TimepixProducer.cxx" />
		<Unit filename="../../../software/eudaq/eudaq/producers/altro/include/AltroProducer.hh" />
		<Unit filename="../../../software/eudaq/eudaq/producers/altro/lcio-converter/src/altro2lcio.cxx" />
		<Unit filename="../../../software/eudaq/eudaq/producers/altro/lcio-plugin/src/AltroConverterPlugin.cc" />
		<Unit filename="../../../software/eudaq/eudaq/producers/altro/src/AltroProducer.cc" />
		<Unit filename="../../../software/eudaq/eudaq/producers/altroUSB/include/AltroUSBProducer.hh" />
		<Unit filename="../../../software/eudaq/eudaq/producers/altroUSB/src/AltroUSBProducer.cc" />
		<Unit filename="../../../software/eudaq/eudaq/producers/altroUSB/src/AltroUSBProducer.cxx" />
		<Unit filename="../../../software/eudaq/eudaq/producers/depfet/include/depfet/DEPFETProducerTCP.hh" />
		<Unit filename="../../../software/eudaq/eudaq/producers/depfet/include/depfet/TCPclient.h" />
		<Unit filename="../../../software/eudaq/eudaq/producers/depfet/include/depfet/rc_depfet.hh" />
		<Unit filename="../../../software/eudaq/eudaq/producers/depfet/src/DEPFETProducerTCP.cxx" />
		<Unit filename="../../../software/eudaq/eudaq/producers/depfet/src/TCPclient.cc" />
		<Unit filename="../../../software/eudaq/eudaq/producers/depfet/src/rc_depfet.cc" />
		<Unit filename="../../../software/eudaq/eudaq/producers/eudrb/include/EUDRBController.hh" />
		<Unit filename="../../../software/eudaq/eudaq/producers/eudrb/src/EUDRBController.cc" />
		<Unit filename="../../../software/eudaq/eudaq/producers/eudrb/src/EUDRBProducer.cxx" />
		<Unit filename="../../../software/eudaq/eudaq/producers/eudrb/vmelib/include/OldVMEInterface.hh" />
		<Unit filename="../../../software/eudaq/eudaq/producers/eudrb/vmelib/include/TSI148Interface.hh" />
		<Unit filename="../../../software/eudaq/eudaq/producers/eudrb/vmelib/include/VMEInterface.hh" />
		<Unit filename="../../../software/eudaq/eudaq/producers/eudrb/vmelib/include/vmelib.h" />
		<Unit filename="../../../software/eudaq/eudaq/producers/eudrb/vmelib/src/exe/Scaler.cxx" />
		<Unit filename="../../../software/eudaq/eudaq/producers/eudrb/vmelib/src/exe/VMEReset.cxx" />
		<Unit filename="../../../software/eudaq/eudaq/producers/eudrb/vmelib/src/exe/VMETest.cxx" />
		<Unit filename="../../../software/eudaq/eudaq/producers/eudrb/vmelib/src/lib/OldVMEInterface.cc" />
		<Unit filename="../../../software/eudaq/eudaq/producers/eudrb/vmelib/src/lib/TSI148Interface.cc" />
		<Unit filename="../../../software/eudaq/eudaq/producers/eudrb/vmelib/src/lib/VMEInterface.cc" />
		<Unit filename="../../../software/eudaq/eudaq/producers/explorer/include/DeviceExplorer.hh" />
		<Unit filename="../../../software/eudaq/eudaq/producers/explorer/src/DeviceExplorer.cc" />
		<Unit filename="../../../software/eudaq/eudaq/producers/explorer/src/ExplorerProducer.cxx" />
		<Unit filename="../../../software/eudaq/eudaq/producers/fortis/include/FORTIS.hh" />
		<Unit filename="../../../software/eudaq/eudaq/producers/fortis/include/FORTISProducer.hh" />
		<Unit filename="../../../software/eudaq/eudaq/producers/fortis/src/FORTISPackData.cc" />
		<Unit filename="../../../software/eudaq/eudaq/producers/fortis/src/FORTISProducer.cxx" />
		<Unit filename="../../../software/eudaq/eudaq/producers/fortis/src/ReadFORTISTimestamps.cxx" />
		<Unit filename="../../../software/eudaq/eudaq/producers/fortis/src/startExecutableThread.cc" />
		<Unit filename="../../../software/eudaq/eudaq/producers/mimoroma/include/CAENVMElib.h" />
		<Unit filename="../../../software/eudaq/eudaq/producers/mimoroma/include/CAENVMEoslib.h" />
		<Unit filename="../../../software/eudaq/eudaq/producers/mimoroma/include/CAENVMEtypes.h" />
		<Unit filename="../../../software/eudaq/eudaq/producers/mimoroma/include/console.h" />
		<Unit filename="../../../software/eudaq/eudaq/producers/mimoroma/include/daq_beam.h" />
		<Unit filename="../../../software/eudaq/eudaq/producers/mimoroma/include/sis1100_var.h" />
		<Unit filename="../../../software/eudaq/eudaq/producers/mimoroma/include/sis3100_vme_calls.h" />
		<Unit filename="../../../software/eudaq/eudaq/producers/mimoroma/src/MimoromaProducer.cxx" />
		<Unit filename="../../../software/eudaq/eudaq/producers/mimosa32/include/DeviceMimosa32.hh" />
		<Unit filename="../../../software/eudaq/eudaq/producers/mimosa32/src/DeviceMimosa32.cc" />
		<Unit filename="../../../software/eudaq/eudaq/producers/mimosa32/src/Mimosa32Producer.cxx" />
		<Unit filename="../../../software/eudaq/eudaq/producers/miniTLU/include/tlu/RawDataQueue.hh" />
		<Unit filename="../../../software/eudaq/eudaq/producers/miniTLU/include/tlu/miniTLUController.hh" />
		<Unit filename="../../../software/eudaq/eudaq/producers/miniTLU/src/RawDataQueue.cc" />
		<Unit filename="../../../software/eudaq/eudaq/producers/miniTLU/src/miniTLUControl.cxx" />
		<Unit filename="../../../software/eudaq/eudaq/producers/miniTLU/src/miniTLUController.cc" />
		<Unit filename="../../../software/eudaq/eudaq/producers/miniTLU/src/miniTLU_Producer.cxx" />
		<Unit filename="../../../software/eudaq/eudaq/producers/mvd/include/MVDController.hh" />
		<Unit filename="../../../software/eudaq/eudaq/producers/mvd/include/ModV550.hh" />
		<Unit filename="../../../software/eudaq/eudaq/producers/mvd/include/ModV551.hh" />
		<Unit filename="../../../software/eudaq/eudaq/producers/mvd/src/MVDController.cc" />
		<Unit filename="../../../software/eudaq/eudaq/producers/mvd/src/MVDProducer.cxx" />
		<Unit filename="../../../software/eudaq/eudaq/producers/mvd/src/ModV550.cc" />
		<Unit filename="../../../software/eudaq/eudaq/producers/mvd/src/ModV551.cc" />
		<Unit filename="../../../software/eudaq/eudaq/producers/ni/include/NiController.hh" />
		<Unit filename="../../../software/eudaq/eudaq/producers/ni/src/NiController.cc" />
		<Unit filename="../../../software/eudaq/eudaq/producers/ni/src/NiProducer.cxx" />
		<Unit filename="../../../software/eudaq/eudaq/producers/pixelmanproducer/PixelmanProducerMFC/CEditExtended.cpp" />
		<Unit filename="../../../software/eudaq/eudaq/producers/pixelmanproducer/PixelmanProducerMFC/CEditExtended.h" />
		<Unit filename="../../../software/eudaq/eudaq/producers/pixelmanproducer/PixelmanProducerMFC/HexEdit.cpp" />
		<Unit filename="../../../software/eudaq/eudaq/producers/pixelmanproducer/PixelmanProducerMFC/HexEdit.h" />
		<Unit filename="../../../software/eudaq/eudaq/producers/pixelmanproducer/PixelmanProducerMFC/PixelmanProducerMFC.cpp" />
		<Unit filename="../../../software/eudaq/eudaq/producers/pixelmanproducer/PixelmanProducerMFC/PixelmanProducerMFC.h" />
		<Unit filename="../../../software/eudaq/eudaq/producers/pixelmanproducer/PixelmanProducerMFC/PixelmanProducerMFCDlg.cpp" />
		<Unit filename="../../../software/eudaq/eudaq/producers/pixelmanproducer/PixelmanProducerMFC/PixelmanProducerMFCDlg.h" />
		<Unit filename="../../../software/eudaq/eudaq/producers/pixelmanproducer/PixelmanProducerMFC/PixelmanProducerPlugin.cpp" />
		<Unit filename="../../../software/eudaq/eudaq/producers/pixelmanproducer/PixelmanProducerMFC/TimePixBore.cpp" />
		<Unit filename="../../../software/eudaq/eudaq/producers/pixelmanproducer/PixelmanProducerMFC/TimePixBore.h" />
		<Unit filename="../../../software/eudaq/eudaq/producers/pixelmanproducer/PixelmanProducerMFC/TimePixDAQStatus.cpp" />
		<Unit filename="../../../software/eudaq/eudaq/producers/pixelmanproducer/PixelmanProducerMFC/TimePixDAQStatus.h" />
		<Unit filename="../../../software/eudaq/eudaq/producers/pixelmanproducer/PixelmanProducerMFC/TimepixProducer.cpp" />
		<Unit filename="../../../software/eudaq/eudaq/producers/pixelmanproducer/PixelmanProducerMFC/TimepixProducer.h" />
		<Unit filename="../../../software/eudaq/eudaq/producers/pixelmanproducer/PixelmanProducerMFC/medipixChipId.h" />
		<Unit filename="../../../software/eudaq/eudaq/producers/pixelmanproducer/PixelmanProducerMFC/resource.h" />
		<Unit filename="../../../software/eudaq/eudaq/producers/pixelmanproducer/PixelmanProducerMFC/stdafx.cpp" />
		<Unit filename="../../../software/eudaq/eudaq/producers/pixelmanproducer/PixelmanProducerMFC/stdafx.h" />
		<Unit filename="../../../software/eudaq/eudaq/producers/pixelmanproducer/PixelmanProducerMFC/targetver.h" />
		<Unit filename="../../../software/eudaq/eudaq/producers/taki/include/taki/TakiProducer.h" />
		<Unit filename="../../../software/eudaq/eudaq/producers/taki/include/taki/TakiProducerFAKEDATA.h" />
		<Unit filename="../../../software/eudaq/eudaq/producers/taki/src/TakiProducer.cxx" />
		<Unit filename="../../../software/eudaq/eudaq/producers/taki/src/TakiProducerFAKEDATA.cxx" />
		<Unit filename="../../../software/eudaq/eudaq/producers/timepixdummy/include/TimepixDummyProducer.hh" />
		<Unit filename="../../../software/eudaq/eudaq/producers/timepixdummy/src/TimepixDummyProducer.cxx" />
		<Unit filename="../../../software/eudaq/eudaq/producers/tlu/include/tlu/TLUAddresses.hh" />
		<Unit filename="../../../software/eudaq/eudaq/producers/tlu/include/tlu/TLUController.hh" />
		<Unit filename="../../../software/eudaq/eudaq/producers/tlu/include/tlu/TLU_address_map.h" />
		<Unit filename="../../../software/eudaq/eudaq/producers/tlu/include/tlu/TLU_address_map_v0-2.h" />
		<Unit filename="../../../software/eudaq/eudaq/producers/tlu/include/tlu/USBTracer.hh" />
		<Unit filename="../../../software/eudaq/eudaq/producers/tlu/include/tlu/win_uSleep.h" />
		<Unit filename="../../../software/eudaq/eudaq/producers/tlu/src/TLUAddresses1.cc" />
		<Unit filename="../../../software/eudaq/eudaq/producers/tlu/src/TLUAddresses2.cc" />
		<Unit filename="../../../software/eudaq/eudaq/producers/tlu/src/TLUControl.cxx" />
		<Unit filename="../../../software/eudaq/eudaq/producers/tlu/src/TLUController.cc" />
		<Unit filename="../../../software/eudaq/eudaq/producers/tlu/src/TLUProducer.cxx" />
		<Unit filename="../../../software/eudaq/eudaq/producers/tlu/src/TLUReset.cxx" />
		<Unit filename="../../../software/eudaq/eudaq/producers/tlu/src/TLU_USB.cc" />
		<Unit filename="../../../software/eudaq/eudaq/producers/tlu/src/USBTracer.cc" />
		<Unit filename="../../../software/eudaq/eudaq/producers/tlu/src/tlunoroot.cxx" />
		<Unit filename="../../../software/eudaq/eudaq/producers/tlu/src/win_uSleep.cc" />
		<Unit filename="../../../software/eudaq/extern/Tsi148/ca91c042.h" />
		<Unit filename="../../../software/eudaq/extern/Tsi148/tsi148.h" />
		<Unit filename="../../../software/eudaq/extern/Tsi148/vmedrv.h" />
		<Unit filename="../../../software/eudaq/extern/jsoncons-0.93/examples/src/array_examples.cpp" />
		<Unit filename="../../../software/eudaq/extern/jsoncons-0.93/examples/src/csv_examples.cpp" />
		<Unit filename="../../../software/eudaq/extern/jsoncons-0.93/examples/src/csv_examples.h" />
		<Unit filename="../../../software/eudaq/extern/jsoncons-0.93/examples/src/custom_data_examples.cpp" />
		<Unit filename="../../../software/eudaq/extern/jsoncons-0.93/examples/src/examples.cpp" />
		<Unit filename="../../../software/eudaq/extern/jsoncons-0.93/examples/src/wjson_examples.cpp" />
		<Unit filename="../../../software/eudaq/extern/jsoncons-0.93/test_suite/src/csv_tests.cpp" />
		<Unit filename="../../../software/eudaq/extern/jsoncons-0.93/test_suite/src/double_to_string_tests.cpp" />
		<Unit filename="../../../software/eudaq/extern/jsoncons-0.93/test_suite/src/json_accessor_tests.cpp" />
		<Unit filename="../../../software/eudaq/extern/jsoncons-0.93/test_suite/src/json_array_tests.cpp" />
		<Unit filename="../../../software/eudaq/extern/jsoncons-0.93/test_suite/src/json_construction_tests.cpp" />
		<Unit filename="../../../software/eudaq/extern/jsoncons-0.93/test_suite/src/json_equals_tests.cpp" />
		<Unit filename="../../../software/eudaq/extern/jsoncons-0.93/test_suite/src/json_extensibility_tests.cpp" />
		<Unit filename="../../../software/eudaq/extern/jsoncons-0.93/test_suite/src/json_object_tests.cpp" />
		<Unit filename="../../../software/eudaq/extern/jsoncons-0.93/test_suite/src/json_parser_test.cpp" />
		<Unit filename="../../../software/eudaq/extern/jsoncons-0.93/test_suite/src/json_reader_exception_tests.cpp" />
		<Unit filename="../../../software/eudaq/extern/jsoncons-0.93/test_suite/src/json_serializer_tests.cpp" />
		<Unit filename="../../../software/eudaq/extern/jsoncons-0.93/test_suite/src/jsoncons_test.cpp" />
		<Unit filename="../../../software/eudaq/extern/jsoncons-0.93/test_suite/src/string_to_double_tests.cpp" />
		<Unit filename="../../../software/eudaq/extern/jsoncons-0.93/test_suite/src/unicode_tests.cpp" />
		<Unit filename="../../../software/eudaq/extern/jsoncons-0.93/test_suite/src/wjson_tests.cpp" />
		<Unit filename="../../../software/eudaq/gui/include/Colours.hh" />
		<Unit filename="../../../software/eudaq/gui/include/LogCollectorModel.hh" />
		<Unit filename="../../../software/eudaq/gui/include/LogDialog.hh" />
		<Unit filename="../../../software/eudaq/gui/include/RunControlModel.hh" />
		<Unit filename="../../../software/eudaq/gui/include/euLog.hh" />
		<Unit filename="../../../software/eudaq/gui/include/euProd.hh" />
		<Unit filename="../../../software/eudaq/gui/include/euRun.hh" />
		<Unit filename="../../../software/eudaq/gui/include/euRunApplication.h" />
		<Unit filename="../../../software/eudaq/gui/src/LogCollectorModel.cc" />
		<Unit filename="../../../software/eudaq/gui/src/RunControlModel.cc" />
		<Unit filename="../../../software/eudaq/gui/src/euLog.cc" />
		<Unit filename="../../../software/eudaq/gui/src/euProd.cc" />
		<Unit filename="../../../software/eudaq/gui/src/euRun.cc" />
		<Unit filename="../../../software/eudaq/main/exe/src/ClusterExtractor.cxx" />
		<Unit filename="../../../software/eudaq/main/exe/src/Converter.cxx" />
		<Unit filename="../../../software/eudaq/main/exe/src/ExampleProducer.cxx" />
		<Unit filename="../../../software/eudaq/main/exe/src/ExampleReader.cxx" />
		<Unit filename="../../../software/eudaq/main/exe/src/FileChecker.cxx" />
		<Unit filename="../../../software/eudaq/main/exe/src/IPHCConverter.cxx" />
		<Unit filename="../../../software/eudaq/main/exe/src/MagicLogBook.cxx" />
		<Unit filename="../../../software/eudaq/main/exe/src/OptionExample.cxx" />
		<Unit filename="../../../software/eudaq/main/exe/src/RunListener.cxx" />
		<Unit filename="../../../software/eudaq/main/exe/src/TestDataCollector.cxx" />
		<Unit filename="../../../software/eudaq/main/exe/src/TestLogCollector.cxx" />
		<Unit filename="../../../software/eudaq/main/exe/src/TestMonitor.cxx" />
		<Unit filename="../../../software/eudaq/main/exe/src/TestProducer.cxx" />
		<Unit filename="../../../software/eudaq/main/exe/src/TestReader.cxx" />
		<Unit filename="../../../software/eudaq/main/exe/src/TestRunControl.cxx" />
		<Unit filename="../../../software/eudaq/main/include/eudaq/ATLASFE4IInterpreter.hh" />
		<Unit filename="../../../software/eudaq/main/include/eudaq/AidaFileReader.hh" />
		<Unit filename="../../../software/eudaq/main/include/eudaq/AidaFileWriter.hh" />
		<Unit filename="../../../software/eudaq/main/include/eudaq/AidaIndexData.hh" />
		<Unit filename="../../../software/eudaq/main/include/eudaq/AidaPacket.hh" />
		<Unit filename="../../../software/eudaq/main/include/eudaq/BufferSerializer.hh" />
		<Unit filename="../../../software/eudaq/main/include/eudaq/CMSPixelDecoder.h" />
		<Unit filename="../../../software/eudaq/main/include/eudaq/CMSPixelHelper.hh" />
		<Unit filename="../../../software/eudaq/main/include/eudaq/Clusters.hh" />
		<Unit filename="../../../software/eudaq/main/include/eudaq/CommandReceiver.hh" />
		<Unit filename="../../../software/eudaq/main/include/eudaq/Configuration.hh" />
		<Unit filename="../../../software/eudaq/main/include/eudaq/DEPFETEvent.hh" />
		<Unit filename="../../../software/eudaq/main/include/eudaq/DataCollector.hh" />
		<Unit filename="../../../software/eudaq/main/include/eudaq/DataConverterPlugin.hh" />
		<Unit filename="../../../software/eudaq/main/include/eudaq/DataSender.hh" />
		<Unit filename="../../../software/eudaq/main/include/eudaq/DetectorEvent.hh" />
		<Unit filename="../../../software/eudaq/main/include/eudaq/Documentation.hh" />
		<Unit filename="../../../software/eudaq/main/include/eudaq/DummyProducer.hh" />
		<Unit filename="../../../software/eudaq/main/include/eudaq/EUDRBEvent.hh" />
		<Unit filename="../../../software/eudaq/main/include/eudaq/Event.hh" />
		<Unit filename="../../../software/eudaq/main/include/eudaq/EventSynchronisationBase.hh" />
		<Unit filename="../../../software/eudaq/main/include/eudaq/ExampleHardware.hh" />
		<Unit filename="../../../software/eudaq/main/include/eudaq/Exception.hh" />
		<Unit filename="../../../software/eudaq/main/include/eudaq/FileNamer.hh" />
		<Unit filename="../../../software/eudaq/main/include/eudaq/FileReader.hh" />
		<Unit filename="../../../software/eudaq/main/include/eudaq/FileSerializer.hh" />
		<Unit filename="../../../software/eudaq/main/include/eudaq/FileWriter.hh" />
		<Unit filename="../../../software/eudaq/main/include/eudaq/Guard.hh" />
		<Unit filename="../../../software/eudaq/main/include/eudaq/IndexReader.hh" />
		<Unit filename="../../../software/eudaq/main/include/eudaq/Info.hh" />
		<Unit filename="../../../software/eudaq/main/include/eudaq/LogCollector.hh" />
		<Unit filename="../../../software/eudaq/main/include/eudaq/LogMessage.hh" />
		<Unit filename="../../../software/eudaq/main/include/eudaq/LogSender.hh" />
		<Unit filename="../../../software/eudaq/main/include/eudaq/Logger.hh" />
		<Unit filename="../../../software/eudaq/main/include/eudaq/MetaData.hh" />
		<Unit filename="../../../software/eudaq/main/include/eudaq/MimosaConverterPlugin.hh" />
		<Unit filename="../../../software/eudaq/main/include/eudaq/Monitor.hh" />
		<Unit filename="../../../software/eudaq/main/include/eudaq/MultiFileReader.hh" />
		<Unit filename="../../../software/eudaq/main/include/eudaq/Mupix.hh" />
		<Unit filename="../../../software/eudaq/main/include/eudaq/Mutex.hh" />
		<Unit filename="../../../software/eudaq/main/include/eudaq/OptionParser.hh" />
		<Unit filename="../../../software/eudaq/main/include/eudaq/Platform.hh" />
		<Unit filename="../../../software/eudaq/main/include/eudaq/PluginManager.hh" />
		<Unit filename="../../../software/eudaq/main/include/eudaq/Producer.hh" />
		<Unit filename="../../../software/eudaq/main/include/eudaq/PyBAR.hh" />
		<Unit filename="../../../software/eudaq/main/include/eudaq/RawDataEvent.hh" />
		<Unit filename="../../../software/eudaq/main/include/eudaq/RunControl.hh" />
		<Unit filename="../../../software/eudaq/main/include/eudaq/Serializable.hh" />
		<Unit filename="../../../software/eudaq/main/include/eudaq/Serializer.hh" />
		<Unit filename="../../../software/eudaq/main/include/eudaq/SmartEnum.hh" />
		<Unit filename="../../../software/eudaq/main/include/eudaq/StandardEvent.hh" />
		<Unit filename="../../../software/eudaq/main/include/eudaq/Status.hh" />
		<Unit filename="../../../software/eudaq/main/include/eudaq/StringEvent.hh" />
		<Unit filename="../../../software/eudaq/main/include/eudaq/TLU2Packet.hh" />
		<Unit filename="../../../software/eudaq/main/include/eudaq/TLUEvent.hh" />
		<Unit filename="../../../software/eudaq/main/include/eudaq/Time.hh" />
		<Unit filename="../../../software/eudaq/main/include/eudaq/Timer.hh" />
		<Unit filename="../../../software/eudaq/main/include/eudaq/TransportBase.hh" />
		<Unit filename="../../../software/eudaq/main/include/eudaq/TransportClient.hh" />
		<Unit filename="../../../software/eudaq/main/include/eudaq/TransportFactory.hh" />
		<Unit filename="../../../software/eudaq/main/include/eudaq/TransportNULL.hh" />
		<Unit filename="../../../software/eudaq/main/include/eudaq/TransportServer.hh" />
		<Unit filename="../../../software/eudaq/main/include/eudaq/TransportTCP.hh" />
		<Unit filename="../../../software/eudaq/main/include/eudaq/TransportTCP_WIN32.h" />
		<Unit filename="../../../software/eudaq/main/include/eudaq/USBpix_i3.hh" />
		<Unit filename="../../../software/eudaq/main/include/eudaq/Utils.hh" />
		<Unit filename="../../../software/eudaq/main/lib/plugins/APIX-CT-ConverterPlugin.cc" />
		<Unit filename="../../../software/eudaq/main/lib/plugins/AltroUSBConverterPlugin.cc" />
		<Unit filename="../../../software/eudaq/main/lib/plugins/CMSPixelConverterPlugin.cc" />
		<Unit filename="../../../software/eudaq/main/lib/plugins/CMSPixelDUTConverterPlugin.cc" />
		<Unit filename="../../../software/eudaq/main/lib/plugins/CMSPixelDecoder.cc" />
		<Unit filename="../../../software/eudaq/main/lib/plugins/CMSPixelREFConverterPlugin.cc" />
		<Unit filename="../../../software/eudaq/main/lib/plugins/CMSPixelTRPConverterPlugin.cc" />
		<Unit filename="../../../software/eudaq/main/lib/plugins/DEPFETConverterPlugin.cc" />
		<Unit filename="../../../software/eudaq/main/lib/plugins/DataConverterPlugin.cc" />
		<Unit filename="../../../software/eudaq/main/lib/plugins/EUDRBConverterPlugin.cc" />
		<Unit filename="../../../software/eudaq/main/lib/plugins/ExampleConverterPlugin.cc" />
		<Unit filename="../../../software/eudaq/main/lib/plugins/ExplorerConverterPlugin.cc" />
		<Unit filename="../../../software/eudaq/main/lib/plugins/FORTISConverterPlugin.cc" />
		<Unit filename="../../../software/eudaq/main/lib/plugins/GenericConverterPlugin.cc" />
		<Unit filename="../../../software/eudaq/main/lib/plugins/MVDConverterPlugin.cc" />
		<Unit filename="../../../software/eudaq/main/lib/plugins/MimosaConverterPlugin.cc" />
		<Unit filename="../../../software/eudaq/main/lib/plugins/Mupix2ConverterPlugin.cc" />
		<Unit filename="../../../software/eudaq/main/lib/plugins/Mupix3ConverterPlugin.cc" />
		<Unit filename="../../../software/eudaq/main/lib/plugins/Mupix4ConverterPlugin.cc" />
		<Unit filename="../../../software/eudaq/main/lib/plugins/NIConverterPlugin.cc" />
		<Unit filename="../../../software/eudaq/main/lib/plugins/PyBARConverterPlugin.cc" />
		<Unit filename="../../../software/eudaq/main/lib/plugins/SCTUpgradeConverterPlugin.cc" />
		<Unit filename="../../../software/eudaq/main/lib/plugins/TAKIConverterPlugin.cc" />
		<Unit filename="../../../software/eudaq/main/lib/plugins/TLUConverterPlugin.cc" />
		<Unit filename="../../../software/eudaq/main/lib/plugins/TestConverterPlugin.cc" />
		<Unit filename="../../../software/eudaq/main/lib/plugins/TimepixConverterPlugin.cc" />
		<Unit filename="../../../software/eudaq/main/lib/plugins/USBPixI4ConverterPlugin.cc" />
		<Unit filename="../../../software/eudaq/main/lib/plugins/USBpixConverterPlugin.cc" />
		<Unit filename="../../../software/eudaq/main/lib/src/AidaFileReader.cc" />
		<Unit filename="../../../software/eudaq/main/lib/src/AidaFileWriter.cc" />
		<Unit filename="../../../software/eudaq/main/lib/src/AidaIndexData.cc" />
		<Unit filename="../../../software/eudaq/main/lib/src/AidaPacket.cc" />
		<Unit filename="../../../software/eudaq/main/lib/src/BufferSerializer.cc" />
		<Unit filename="../../../software/eudaq/main/lib/src/CommandReceiver.cc" />
		<Unit filename="../../../software/eudaq/main/lib/src/Configuration.cc" />
		<Unit filename="../../../software/eudaq/main/lib/src/DEPFETEvent.cc" />
		<Unit filename="../../../software/eudaq/main/lib/src/DataCollector.cc" />
		<Unit filename="../../../software/eudaq/main/lib/src/DataSender.cc" />
		<Unit filename="../../../software/eudaq/main/lib/src/DetectorEvent.cc" />
		<Unit filename="../../../software/eudaq/main/lib/src/DummyProducer.cc" />
		<Unit filename="../../../software/eudaq/main/lib/src/EUDRBEvent.cc" />
		<Unit filename="../../../software/eudaq/main/lib/src/Event.cc" />
		<Unit filename="../../../software/eudaq/main/lib/src/EventSynchronisationBase.cc" />
		<Unit filename="../../../software/eudaq/main/lib/src/ExampleHardware.cc" />
		<Unit filename="../../../software/eudaq/main/lib/src/Exception.cc" />
		<Unit filename="../../../software/eudaq/main/lib/src/FileNamer.cc" />
		<Unit filename="../../../software/eudaq/main/lib/src/FileReader.cc" />
		<Unit filename="../../../software/eudaq/main/lib/src/FileSerializer.cc" />
		<Unit filename="../../../software/eudaq/main/lib/src/FileWriter.cc" />
		<Unit filename="../../../software/eudaq/main/lib/src/FileWriterDetectorEvents.cc" />
		<Unit filename="../../../software/eudaq/main/lib/src/FileWriterLCIO.cc" />
		<Unit filename="../../../software/eudaq/main/lib/src/FileWriterMimoloop.cc" />
		<Unit filename="../../../software/eudaq/main/lib/src/FileWriterNative.cc" />
		<Unit filename="../../../software/eudaq/main/lib/src/FileWriterNative2.cc" />
		<Unit filename="../../../software/eudaq/main/lib/src/FileWriterNull.cc" />
		<Unit filename="../../../software/eudaq/main/lib/src/FileWriterRoot.cc" />
		<Unit filename="../../../software/eudaq/main/lib/src/FileWriterRootC.cc" />
		<Unit filename="../../../software/eudaq/main/lib/src/FileWriterStandard.cc" />
		<Unit filename="../../../software/eudaq/main/lib/src/FileWriterText.cc" />
		<Unit filename="../../../software/eudaq/main/lib/src/FileWriterTextCompact.cc" />
		<Unit filename="../../../software/eudaq/main/lib/src/FileWriterTree.cc" />
		<Unit filename="../../../software/eudaq/main/lib/src/IndexReader.cc" />
		<Unit filename="../../../software/eudaq/main/lib/src/LogCollector.cc" />
		<Unit filename="../../../software/eudaq/main/lib/src/LogMessage.cc" />
		<Unit filename="../../../software/eudaq/main/lib/src/LogSender.cc" />
		<Unit filename="../../../software/eudaq/main/lib/src/Logger.cc" />
		<Unit filename="../../../software/eudaq/main/lib/src/MetaData.cc" />
		<Unit filename="../../../software/eudaq/main/lib/src/Monitor.cc" />
		<Unit filename="../../../software/eudaq/main/lib/src/MultiFileReader.cc" />
		<Unit filename="../../../software/eudaq/main/lib/src/Mutex.cc" />
		<Unit filename="../../../software/eudaq/main/lib/src/OptionParser.cc" />
		<Unit filename="../../../software/eudaq/main/lib/src/PluginManager.cc" />
		<Unit filename="../../../software/eudaq/main/lib/src/Producer.cc" />
		<Unit filename="../../../software/eudaq/main/lib/src/RawDataEvent.cc" />
		<Unit filename="../../../software/eudaq/main/lib/src/RunControl.cc" />
		<Unit filename="../../../software/eudaq/main/lib/src/Serializable.cc" />
		<Unit filename="../../../software/eudaq/main/lib/src/StandardEvent.cc" />
		<Unit filename="../../../software/eudaq/main/lib/src/Status.cc" />
		<Unit filename="../../../software/eudaq/main/lib/src/StringEvent.cc" />
		<Unit filename="../../../software/eudaq/main/lib/src/TLU2Packet.cc" />
		<Unit filename="../../../software/eudaq/main/lib/src/TLUEvent.cc" />
		<Unit filename="../../../software/eudaq/main/lib/src/Time.cc" />
		<Unit filename="../../../software/eudaq/main/lib/src/TransportBase.cc" />
		<Unit filename="../../../software/eudaq/main/lib/src/TransportClient.cc" />
		<Unit filename="../../../software/eudaq/main/lib/src/TransportFactory.cc" />
		<Unit filename="../../../software/eudaq/main/lib/src/TransportNULL.cc" />
		<Unit filename="../../../software/eudaq/main/lib/src/TransportServer.cc" />
		<Unit filename="../../../software/eudaq/main/lib/src/TransportTCP.cc" />
		<Unit filename="../../../software/eudaq/main/lib/src/Utils.cc" />
		<Unit filename="../../../software/eudaq/main/python/src/PyAidaFileReader.cpp" />
		<Unit filename="../../../software/eudaq/main/python/src/PyDataCollector.cpp" />
		<Unit filename="../../../software/eudaq/main/python/src/PyIndexReader.cpp" />
		<Unit filename="../../../software/eudaq/main/python/src/PyLogCollector.cpp" />
		<Unit filename="../../../software/eudaq/main/python/src/PyProducer.cpp" />
		<Unit filename="../../../software/eudaq/main/python/src/PyRunControl.cpp" />
		<Unit filename="../../../software/eudaq/monitors/offlinemon/inc/Axis.h" />
		<Unit filename="../../../software/eudaq/monitors/offlinemon/inc/CorrelationPlots.h" />
		<Unit filename="../../../software/eudaq/monitors/offlinemon/inc/CorrelationPlots_interface.h" />
		<Unit filename="../../../software/eudaq/monitors/offlinemon/inc/CorrelationVSTimePlots.h" />
		<Unit filename="../../../software/eudaq/monitors/offlinemon/inc/CorrelationVSTimePlots_alt.h" />
		<Unit filename="../../../software/eudaq/monitors/offlinemon/inc/Planes.h" />
		<Unit filename="../../../software/eudaq/monitors/offlinemon/inc/RootFactories.h" />
		<Unit filename="../../../software/eudaq/monitors/offlinemon/inc/XMLextractorHelpers.h" />
		<Unit filename="../../../software/eudaq/monitors/offlinemon/inc/makeCorrelations.h" />
		<Unit filename="../../../software/eudaq/monitors/offlinemon/src/CorrelationPlots.cpp" />
		<Unit filename="../../../software/eudaq/monitors/offlinemon/src/CorrelationPlots_interface.cpp" />
		<Unit filename="../../../software/eudaq/monitors/offlinemon/src/CorrelationVSTimePlots.cpp" />
		<Unit filename="../../../software/eudaq/monitors/offlinemon/src/OfflineMonitor.cxx" />
		<Unit filename="../../../software/eudaq/monitors/offlinemon/src/Planes.cpp" />
		<Unit filename="../../../software/eudaq/monitors/offlinemon/src/makeCorrelations.cpp" />
		<Unit filename="../../../software/eudaq/monitors/onlinemon/include/BaseCollection.hh" />
		<Unit filename="../../../software/eudaq/monitors/onlinemon/include/CheckEOF.hh" />
		<Unit filename="../../../software/eudaq/monitors/onlinemon/include/CorrelationCollection.hh" />
		<Unit filename="../../../software/eudaq/monitors/onlinemon/include/CorrelationHistos.hh" />
		<Unit filename="../../../software/eudaq/monitors/onlinemon/include/EUDAQMonitorCollection.hh" />
		<Unit filename="../../../software/eudaq/monitors/onlinemon/include/EUDAQMonitorHistos.hh" />
		<Unit filename="../../../software/eudaq/monitors/onlinemon/include/EventSanityChecker.hh" />
		<Unit filename="../../../software/eudaq/monitors/onlinemon/include/GraphWindow.hh" />
		<Unit filename="../../../software/eudaq/monitors/onlinemon/include/HitmapCollection.hh" />
		<Unit filename="../../../software/eudaq/monitors/onlinemon/include/HitmapHistos.hh" />
		<Unit filename="../../../software/eudaq/monitors/onlinemon/include/MonitorPerformanceCollection.hh" />
		<Unit filename="../../../software/eudaq/monitors/onlinemon/include/MonitorPerformanceHistos.hh" />
		<Unit filename="../../../software/eudaq/monitors/onlinemon/include/OnlineHistograms.hh" />
		<Unit filename="../../../software/eudaq/monitors/onlinemon/include/OnlineMon.hh" />
		<Unit filename="../../../software/eudaq/monitors/onlinemon/include/OnlineMonConfiguration.hh" />
		<Unit filename="../../../software/eudaq/monitors/onlinemon/include/OnlineMonWindow.hh" />
		<Unit filename="../../../software/eudaq/monitors/onlinemon/include/SimpleStandardCluster.hh" />
		<Unit filename="../../../software/eudaq/monitors/onlinemon/include/SimpleStandardEvent.hh" />
		<Unit filename="../../../software/eudaq/monitors/onlinemon/include/SimpleStandardHit.hh" />
		<Unit filename="../../../software/eudaq/monitors/onlinemon/include/SimpleStandardPlane.hh" />
		<Unit filename="../../../software/eudaq/monitors/onlinemon/include/SimpleStandardPlaneDouble.hh" />
		<Unit filename="../../../software/eudaq/monitors/onlinemon/include/TGraphSet.hh" />
		<Unit filename="../../../software/eudaq/monitors/onlinemon/include/TestEnvMon.hh" />
		<Unit filename="../../../software/eudaq/monitors/onlinemon/include/TreeHistoRelation.hh" />
		<Unit filename="../../../software/eudaq/monitors/onlinemon/src/BaseCollection.cc" />
		<Unit filename="../../../software/eudaq/monitors/onlinemon/src/CheckEOF.cc" />
		<Unit filename="../../../software/eudaq/monitors/onlinemon/src/CorrelationCollection.cc" />
		<Unit filename="../../../software/eudaq/monitors/onlinemon/src/CorrelationHistos.cc" />
		<Unit filename="../../../software/eudaq/monitors/onlinemon/src/EUDAQMonitorCollection.cc" />
		<Unit filename="../../../software/eudaq/monitors/onlinemon/src/EUDAQMonitorHistos.cc" />
		<Unit filename="../../../software/eudaq/monitors/onlinemon/src/EventSanityChecker.cc" />
		<Unit filename="../../../software/eudaq/monitors/onlinemon/src/GraphWindow.cc" />
		<Unit filename="../../../software/eudaq/monitors/onlinemon/src/HitmapCollection.cc" />
		<Unit filename="../../../software/eudaq/monitors/onlinemon/src/HitmapHistos.cc" />
		<Unit filename="../../../software/eudaq/monitors/onlinemon/src/MonitorPerformanceCollection.cc" />
		<Unit filename="../../../software/eudaq/monitors/onlinemon/src/MonitorPerformanceHistos.cc" />
		<Unit filename="../../../software/eudaq/monitors/onlinemon/src/OnlineHistograms.cc" />
		<Unit filename="../../../software/eudaq/monitors/onlinemon/src/OnlineMon.cxx" />
		<Unit filename="../../../software/eudaq/monitors/onlinemon/src/OnlineMonConfiguration.cc" />
		<Unit filename="../../../software/eudaq/monitors/onlinemon/src/OnlineMonWindow.cc" />
		<Unit filename="../../../software/eudaq/monitors/onlinemon/src/SimpleStandardEvent.cc" />
		<Unit filename="../../../software/eudaq/monitors/onlinemon/src/SimpleStandardPlane.cc" />
		<Unit filename="../../../software/eudaq/monitors/onlinemon/src/TGraphSet.cc" />
		<Unit filename="../../../software/eudaq/monitors/onlinemon/src/TreeHistoRelation.cc" />
		<Unit filename="../../../software/eudaq/nreader/detdescription/EUTelAPIXMCDetector.cc" />
		<Unit filename="../../../software/eudaq/nreader/detdescription/EUTelCMSPixelDetector.cc" />
		<Unit filename="../../../software/eudaq/nreader/detdescription/EUTelDEPFETDetector.cc" />
		<Unit filename="../../../software/eudaq/nreader/detdescription/EUTelFortisDetector.cc" />
		<Unit filename="../../../software/eudaq/nreader/detdescription/EUTelMimoTelDetector.cc" />
		<Unit filename="../../../software/eudaq/nreader/detdescription/EUTelMimosa18Detector.cc" />
		<Unit filename="../../../software/eudaq/nreader/detdescription/EUTelMimosa26Detector.cc" />
		<Unit filename="../../../software/eudaq/nreader/detdescription/EUTelSetupDescription.cc" />
		<Unit filename="../../../software/eudaq/nreader/detdescription/EUTelTLUDetector.cc" />
		<Unit filename="../../../software/eudaq/nreader/detdescription/EUTelTakiDetector.cc" />
		<Unit filename="../../../software/eudaq/nreader/detdescription/EUTelTimepixDetector.cc" />
		<Unit filename="../../../software/eudaq/nreader/include/EUTelAPIXMCDetector.h" />
		<Unit filename="../../../software/eudaq/nreader/include/EUTelBaseDetector.h" />
		<Unit filename="../../../software/eudaq/nreader/include/EUTelCMSPixelDetector.h" />
		<Unit filename="../../../software/eudaq/nreader/include/EUTelDEPFETDetector.h" />
		<Unit filename="../../../software/eudaq/nreader/include/EUTelFortisDetector.h" />
		<Unit filename="../../../software/eudaq/nreader/include/EUTelMimoTelDetector.h" />
		<Unit filename="../../../software/eudaq/nreader/include/EUTelMimosa18Detector.h" />
		<Unit filename="../../../software/eudaq/nreader/include/EUTelMimosa26Detector.h" />
		<Unit filename="../../../software/eudaq/nreader/include/EUTelNativeReader.h" />
		<Unit filename="../../../software/eudaq/nreader/include/EUTelPixelDetector.h" />
		<Unit filename="../../../software/eudaq/nreader/include/EUTelSetupDescription.h" />
		<Unit filename="../../../software/eudaq/nreader/include/EUTelTLUDetector.h" />
		<Unit filename="../../../software/eudaq/nreader/include/EUTelTakiDetector.h" />
		<Unit filename="../../../software/eudaq/nreader/include/EUTelTimepixDetector.h" />
		<Unit filename="../../../software/eudaq/nreader/src/EUTelNativeReader.cc" />
		<Unit filename="../../../software/eudaq/producers/TimepixProducer/Converter/EUtelescope/EUTelTimepixDetector.cc" />
		<Unit filename="../../../software/eudaq/producers/TimepixProducer/Converter/EUtelescope/EUTelTimepixDetector.h" />
		<Unit filename="../../../software/eudaq/producers/TimepixProducer/Converter/eudaq/TimepixConverterPlugin.cc" />
		<Unit filename="../../../software/eudaq/producers/TimepixProducer/include/MIMTLU.h" />
		<Unit filename="../../../software/eudaq/producers/TimepixProducer/include/TimepixDevice.h" />
		<Unit filename="../../../software/eudaq/producers/TimepixProducer/src/MIMTLU.cc" />
		<Unit filename="../../../software/eudaq/producers/TimepixProducer/src/TimepixDevice.cc" />
		<Unit filename="../../../software/eudaq/producers/TimepixProducer/src/TimepixProducer.cxx" />
		<Unit filename="../../../software/eudaq/producers/altro/include/AltroProducer.hh" />
		<Unit filename="../../../software/eudaq/producers/altro/lcio-converter/src/altro2lcio.cxx" />
		<Unit filename="../../../software/eudaq/producers/altro/lcio-plugin/src/AltroConverterPlugin.cc" />
		<Unit filename="../../../software/eudaq/producers/altro/src/AltroProducer.cc" />
		<Unit filename="../../../software/eudaq/producers/altroUSB/include/AltroUSBProducer.hh" />
		<Unit filename="../../../software/eudaq/producers/altroUSB/src/AltroUSBProducer.cc" />
		<Unit filename="../../../software/eudaq/producers/altroUSB/src/AltroUSBProducer.cxx" />
		<Unit filename="../../../software/eudaq/producers/cmspixel/include/CMSPixelProducer.hh" />
		<Unit filename="../../../software/eudaq/producers/cmspixel/src/CMSPixelConfigParser.cxx" />
		<Unit filename="../../../software/eudaq/producers/cmspixel/src/CMSPixelProducer.cxx" />
		<Unit filename="../../../software/eudaq/producers/depfet/include/depfet/DEPFETProducerTCP.hh" />
		<Unit filename="../../../software/eudaq/producers/depfet/include/depfet/TCPclient.h" />
		<Unit filename="../../../software/eudaq/producers/depfet/include/depfet/rc_depfet.hh" />
		<Unit filename="../../../software/eudaq/producers/depfet/src/DEPFETProducerTCP.cxx" />
		<Unit filename="../../../software/eudaq/producers/depfet/src/TCPclient.cc" />
		<Unit filename="../../../software/eudaq/producers/depfet/src/rc_depfet.cc" />
		<Unit filename="../../../software/eudaq/producers/eudrb/include/EUDRBController.hh" />
		<Unit filename="../../../software/eudaq/producers/eudrb/src/EUDRBController.cc" />
		<Unit filename="../../../software/eudaq/producers/eudrb/src/EUDRBProducer.cxx" />
		<Unit filename="../../../software/eudaq/producers/eudrb/vmelib/include/OldVMEInterface.hh" />
		<Unit filename="../../../software/eudaq/producers/eudrb/vmelib/include/TSI148Interface.hh" />
		<Unit filename="../../../software/eudaq/producers/eudrb/vmelib/include/VMEInterface.hh" />
		<Unit filename="../../../software/eudaq/producers/eudrb/vmelib/include/vmelib.h" />
		<Unit filename="../../../software/eudaq/producers/eudrb/vmelib/src/exe/Scaler.cxx" />
		<Unit filename="../../../software/eudaq/producers/eudrb/vmelib/src/exe/VMEReset.cxx" />
		<Unit filename="../../../software/eudaq/producers/eudrb/vmelib/src/exe/VMETest.cxx" />
		<Unit filename="../../../software/eudaq/producers/eudrb/vmelib/src/lib/OldVMEInterface.cc" />
		<Unit filename="../../../software/eudaq/producers/eudrb/vmelib/src/lib/TSI148Interface.cc" />
		<Unit filename="../../../software/eudaq/producers/eudrb/vmelib/src/lib/VMEInterface.cc" />
		<Unit filename="../../../software/eudaq/producers/explorer/include/DeviceExplorer.hh" />
		<Unit filename="../../../software/eudaq/producers/explorer/src/DeviceExplorer.cc" />
		<Unit filename="../../../software/eudaq/producers/explorer/src/ExplorerProducer.cxx" />
		<Unit filename="../../../software/eudaq/producers/fortis/include/FORTIS.hh" />
		<Unit filename="../../../software/eudaq/producers/fortis/include/FORTISProducer.hh" />
		<Unit filename="../../../software/eudaq/producers/fortis/src/FORTISPackData.cc" />
		<Unit filename="../../../software/eudaq/producers/fortis/src/FORTISProducer.cxx" />
		<Unit filename="../../../software/eudaq/producers/fortis/src/ReadFORTISTimestamps.cxx" />
		<Unit filename="../../../software/eudaq/producers/fortis/src/startExecutableThread.cc" />
		<Unit filename="../../../software/eudaq/producers/mimoroma/include/CAENVMElib.h" />
		<Unit filename="../../../software/eudaq/producers/mimoroma/include/CAENVMEoslib.h" />
		<Unit filename="../../../software/eudaq/producers/mimoroma/include/CAENVMEtypes.h" />
		<Unit filename="../../../software/eudaq/producers/mimoroma/include/console.h" />
		<Unit filename="../../../software/eudaq/producers/mimoroma/include/daq_beam.h" />
		<Unit filename="../../../software/eudaq/producers/mimoroma/include/sis1100_var.h" />
		<Unit filename="../../../software/eudaq/producers/mimoroma/include/sis3100_vme_calls.h" />
		<Unit filename="../../../software/eudaq/producers/mimoroma/src/MimoromaProducer.cxx" />
		<Unit filename="../../../software/eudaq/producers/mimosa32/include/DeviceMimosa32.hh" />
		<Unit filename="../../../software/eudaq/producers/mimosa32/src/DeviceMimosa32.cc" />
		<Unit filename="../../../software/eudaq/producers/mimosa32/src/Mimosa32Producer.cxx" />
		<Unit filename="../../../software/eudaq/producers/miniTLU/include/tlu/miniTLUController.hh" />
		<Unit filename="../../../software/eudaq/producers/miniTLU/src/miniTLUControl.cxx" />
		<Unit filename="../../../software/eudaq/producers/miniTLU/src/miniTLUController.cc" />
		<Unit filename="../../../software/eudaq/producers/miniTLU/src/miniTLU_Producer.cxx" />
		<Unit filename="../../../software/eudaq/producers/mvd/include/MVDController.hh" />
		<Unit filename="../../../software/eudaq/producers/mvd/include/ModV550.hh" />
		<Unit filename="../../../software/eudaq/producers/mvd/include/ModV551.hh" />
		<Unit filename="../../../software/eudaq/producers/mvd/src/MVDController.cc" />
		<Unit filename="../../../software/eudaq/producers/mvd/src/MVDProducer.cxx" />
		<Unit filename="../../../software/eudaq/producers/mvd/src/ModV550.cc" />
		<Unit filename="../../../software/eudaq/producers/mvd/src/ModV551.cc" />
		<Unit filename="../../../software/eudaq/producers/ni/include/NiController.hh" />
		<Unit filename="../../../software/eudaq/producers/ni/src/NiController.cc" />
		<Unit filename="../../../software/eudaq/producers/ni/src/NiProducer.cxx" />
		<Unit filename="../../../software/eudaq/producers/pixelmanproducer/PixelmanProducerMFC/CEditExtended.cpp" />
		<Unit filename="../../../software/eudaq/producers/pixelmanproducer/PixelmanProducerMFC/CEditExtended.h" />
		<Unit filename="../../../software/eudaq/producers/pixelmanproducer/PixelmanProducerMFC/HexEdit.cpp" />
		<Unit filename="../../../software/eudaq/producers/pixelmanproducer/PixelmanProducerMFC/HexEdit.h" />
		<Unit filename="../../../software/eudaq/producers/pixelmanproducer/PixelmanProducerMFC/PixelmanProducerMFC.cpp" />
		<Unit filename="../../../software/eudaq/producers/pixelmanproducer/PixelmanProducerMFC/PixelmanProducerMFC.h" />
		<Unit filename="../../../software/eudaq/producers/pixelmanproducer/PixelmanProducerMFC/PixelmanProducerMFCDlg.cpp" />
		<Unit filename="../../../software/eudaq/producers/pixelmanproducer/PixelmanProducerMFC/PixelmanProducerMFCDlg.h" />
		<Unit filename="../../../software/eudaq/producers/pixelmanproducer/PixelmanProducerMFC/PixelmanProducerPlugin.cpp" />
		<Unit filename="../../../software/eudaq/producers/pixelmanproducer/PixelmanProducerMFC/TimePixBore.cpp" />
		<Unit filename="../../../software/eudaq/producers/pixelmanproducer/PixelmanProducerMFC/TimePixBore.h" />
		<Unit filename="../../../software/eudaq/producers/pixelmanproducer/PixelmanProducerMFC/TimePixDAQStatus.cpp" />
		<Unit filename="../../../software/eudaq/producers/pixelmanproducer/PixelmanProducerMFC/TimePixDAQStatus.h" />
		<Unit filename="../../../software/eudaq/producers/pixelmanproducer/PixelmanProducerMFC/TimepixProducer.cpp" />
		<Unit filename="../../../software/eudaq/producers/pixelmanproducer/PixelmanProducerMFC/TimepixProducer.h" />
		<Unit filename="../../../software/eudaq/producers/pixelmanproducer/PixelmanProducerMFC/medipixChipId.h" />
		<Unit filename="../../../software/eudaq/producers/pixelmanproducer/PixelmanProducerMFC/resource.h" />
		<Unit filename="../../../software/eudaq/producers/pixelmanproducer/PixelmanProducerMFC/stdafx.cpp" />
		<Unit filename="../../../software/eudaq/producers/pixelmanproducer/PixelmanProducerMFC/stdafx.h" />
		<Unit filename="../../../software/eudaq/producers/pixelmanproducer/PixelmanProducerMFC/targetver.h" />
		<Unit filename="../../../software/eudaq/producers/taki/include/taki/TakiProducer.h" />
		<Unit filename="../../../software/eudaq/producers/taki/include/taki/TakiProducerFAKEDATA.h" />
		<Unit filename="../../../software/eudaq/producers/taki/src/TakiProducer.cxx" />
		<Unit filename="../../../software/eudaq/producers/taki/src/TakiProducerFAKEDATA.cxx" />
		<Unit filename="../../../software/eudaq/producers/timepixdummy/include/TimepixDummyProducer.hh" />
		<Unit filename="../../../software/eudaq/producers/timepixdummy/src/TimepixDummyProducer.cxx" />
		<Unit filename="../../../software/eudaq/producers/tlu/include/tlu/TLUAddresses.hh" />
		<Unit filename="../../../software/eudaq/producers/tlu/include/tlu/TLUController.hh" />
		<Unit filename="../../../software/eudaq/producers/tlu/include/tlu/TLU_address_map.h" />
		<Unit filename="../../../software/eudaq/producers/tlu/include/tlu/TLU_address_map_v0-2.h" />
		<Unit filename="../../../software/eudaq/producers/tlu/include/tlu/USBTracer.hh" />
		<Unit filename="../../../software/eudaq/producers/tlu/include/tlu/win_uSleep.h" />
		<Unit filename="../../../software/eudaq/producers/tlu/src/TLUAddresses1.cc" />
		<Unit filename="../../../software/eudaq/producers/tlu/src/TLUAddresses2.cc" />
		<Unit filename="../../../software/eudaq/producers/tlu/src/TLUControl.cxx" />
		<Unit filename="../../../software/eudaq/producers/tlu/src/TLUController.cc" />
		<Unit filename="../../../software/eudaq/producers/tlu/src/TLUProducer.cxx" />
		<Unit filename="../../../software/eudaq/producers/tlu/src/TLUReset.cxx" />
		<Unit filename="../../../software/eudaq/producers/tlu/src/TLU_USB.cc" />
		<Unit filename="../../../software/eudaq/producers/tlu/src/USBTracer.cc" />
		<Unit filename="../../../software/eudaq/producers/tlu/src/tlunoroot.cxx" />
		<Unit filename="../../../software/eudaq/producers/tlu/src/win_uSleep.cc" />
		<Extensions>
			<code_completion />
			<debugger />
		</Extensions>
	</Project>
</CodeBlocks_project_file>
